
Microsoft Visual Studio Solution File, Format Version 12.00
# Visual Studio Version 17
VisualStudioVersion = 17.1.32104.313
MinimumVisualStudioVersion = 10.0.40219.1
Project("{9A19103F-16F7-4668-BE54-9A1E7A4F7556}") = "EVParkingWeb", "EVParking\EVParkingWeb.csproj", "{A60A8D8B-73CF-4A05-B0F3-3C0EAE09B6A5}"
EndProject
Project("{9A19103F-16F7-4668-BE54-9A1E7A4F7556}") = "BackendData", "BackendData\BackendData.csproj", "{569E1159-8BFD-4C0C-84EA-8293A9E16606}"
EndProject
Project("{FAE04EC0-301F-11D3-BF4B-00C04F79EFBC}") = "BackgroundJobs", "BackgroundJobs\BackgroundJobs.csproj", "{D9FC7437-4544-426E-975A-ADCD07C5AF51}"
EndProject
Global
	GlobalSection(SolutionConfigurationPlatforms) = preSolution
		Debug|Any CPU = Debug|Any CPU
		Release|Any CPU = Release|Any CPU
	EndGlobalSection
	GlobalSection(ProjectConfigurationPlatforms) = postSolution
		{A60A8D8B-73CF-4A05-B0F3-3C0EAE09B6A5}.Debug|Any CPU.ActiveCfg = Debug|Any CPU
		{A60A8D8B-73CF-4A05-B0F3-3C0EAE09B6A5}.Debug|Any CPU.Build.0 = Debug|Any CPU
		{A60A8D8B-73CF-4A05-B0F3-3C0EAE09B6A5}.Release|Any CPU.ActiveCfg = Release|Any CPU
		{A60A8D8B-73CF-4A05-B0F3-3C0EAE09B6A5}.Release|Any CPU.Build.0 = Release|Any CPU
		{569E1159-8BFD-4C0C-84EA-8293A9E16606}.Debug|Any CPU.ActiveCfg = Debug|Any CPU
		{569E1159-8BFD-4C0C-84EA-8293A9E16606}.Debug|Any CPU.Build.0 = Debug|Any CPU
		{569E1159-8BFD-4C0C-84EA-8293A9E16606}.Release|Any CPU.ActiveCfg = Release|Any CPU
		{569E1159-8BFD-4C0C-84EA-8293A9E16606}.Release|Any CPU.Build.0 = Release|Any CPU
		{D9FC7437-4544-426E-975A-ADCD07C5AF51}.Debug|Any CPU.ActiveCfg = Debug|Any CPU
		{D9FC7437-4544-426E-975A-ADCD07C5AF51}.Debug|Any CPU.Build.0 = Debug|Any CPU
		{D9FC7437-4544-426E-975A-ADCD07C5AF51}.Release|Any CPU.ActiveCfg = Release|Any CPU
		{D9FC7437-4544-426E-975A-ADCD07C5AF51}.Release|Any CPU.Build.0 = Release|Any CPU
	EndGlobalSection
	GlobalSection(SolutionProperties) = preSolution
		HideSolutionNode = FALSE
	EndGlobalSection
	GlobalSection(ExtensibilityGlobals) = postSolution
		SolutionGuid = {1A2615E4-EF9C-4C31-BFCB-3CE975C2FB6D}
	EndGlobalSection
EndGlobal
